
Microsoft Visual Studio Solution File, Format Version 12.00
# Visual Studio Version 16
VisualStudioVersion = 16.0.30804.86
MinimumVisualStudioVersion = 10.0.40219.1
Project("{00D1A9C2-B5F0-4AF3-8072-F6C62B433612}") = "MaFacture2.Database", "..\..\Back-end\MaFacture_V3\MaFacture2.Database\MaFacture2.Database.sqlproj", "{9A08F921-B69F-493C-9E11-1618669C39ED}"
EndProject
Project("{9A19103F-16F7-4668-BE54-9A1E7A4F7556}") = "MaFacture.API", "..\TestContactController\TestContactController.API\TestContactController.API\MaFacture.API.csproj", "{EC814B37-248F-4CB8-AF27-85259052B823}"
EndProject
Project("{9A19103F-16F7-4668-BE54-9A1E7A4F7556}") = "DAL", "..\MaFactureEF.Api\DAL\DAL.csproj", "{1F930B59-EBEB-4C75-8217-D5BA9FF51391}"
EndProject
Project("{9A19103F-16F7-4668-BE54-9A1E7A4F7556}") = "ToolBox", "..\..\Back-end\MaFacture_V3\ToolBox\ToolBox.csproj", "{1EE81112-BB91-4A50-997F-798365BAD75D}"
EndProject
Global
	GlobalSection(SolutionConfigurationPlatforms) = preSolution
		Debug|Any CPU = Debug|Any CPU
		Release|Any CPU = Release|Any CPU
	EndGlobalSection
	GlobalSection(ProjectConfigurationPlatforms) = postSolution
		{9A08F921-B69F-493C-9E11-1618669C39ED}.Debug|Any CPU.ActiveCfg = Debug|Any CPU
		{9A08F921-B69F-493C-9E11-1618669C39ED}.Debug|Any CPU.Build.0 = Debug|Any CPU
		{9A08F921-B69F-493C-9E11-1618669C39ED}.Debug|Any CPU.Deploy.0 = Debug|Any CPU
		{9A08F921-B69F-493C-9E11-1618669C39ED}.Release|Any CPU.ActiveCfg = Release|Any CPU
		{9A08F921-B69F-493C-9E11-1618669C39ED}.Release|Any CPU.Build.0 = Release|Any CPU
		{9A08F921-B69F-493C-9E11-1618669C39ED}.Release|Any CPU.Deploy.0 = Release|Any CPU
		{EC814B37-248F-4CB8-AF27-85259052B823}.Debug|Any CPU.ActiveCfg = Debug|Any CPU
		{EC814B37-248F-4CB8-AF27-85259052B823}.Debug|Any CPU.Build.0 = Debug|Any CPU
		{EC814B37-248F-4CB8-AF27-85259052B823}.Release|Any CPU.ActiveCfg = Release|Any CPU
		{EC814B37-248F-4CB8-AF27-85259052B823}.Release|Any CPU.Build.0 = Release|Any CPU
		{1F930B59-EBEB-4C75-8217-D5BA9FF51391}.Debug|Any CPU.ActiveCfg = Debug|Any CPU
		{1F930B59-EBEB-4C75-8217-D5BA9FF51391}.Debug|Any CPU.Build.0 = Debug|Any CPU
		{1F930B59-EBEB-4C75-8217-D5BA9FF51391}.Release|Any CPU.ActiveCfg = Release|Any CPU
		{1F930B59-EBEB-4C75-8217-D5BA9FF51391}.Release|Any CPU.Build.0 = Release|Any CPU
		{1EE81112-BB91-4A50-997F-798365BAD75D}.Debug|Any CPU.ActiveCfg = Debug|Any CPU
		{1EE81112-BB91-4A50-997F-798365BAD75D}.Debug|Any CPU.Build.0 = Debug|Any CPU
		{1EE81112-BB91-4A50-997F-798365BAD75D}.Release|Any CPU.ActiveCfg = Release|Any CPU
		{1EE81112-BB91-4A50-997F-798365BAD75D}.Release|Any CPU.Build.0 = Release|Any CPU
	EndGlobalSection
	GlobalSection(SolutionProperties) = preSolution
		HideSolutionNode = FALSE
	EndGlobalSection
	GlobalSection(ExtensibilityGlobals) = postSolution
		SolutionGuid = {F244EA69-89A1-48BD-B03E-A7B20AA98BD4}
	EndGlobalSection
EndGlobal
